
Microsoft Visual Studio Solution File, Format Version 9.00
# Visual Studio 2005
Project("{8BC9CEB9-8B4A-11D0-8D11-00A0C91BC942}") = "Strg.exe", "Strg.exe", "{548ADB75-52B6-429B-8511-59A826A905F7}"
EndProject
Global
	GlobalSection(SolutionConfigurationPlatforms) = preSolution
		Debug|Default = Debug|Default
	EndGlobalSection
	GlobalSection(ProjectConfigurationPlatforms) = postSolution
		{548ADB75-52B6-429B-8511-59A826A905F7}.Debug|Default.ActiveCfg = Debug
	EndGlobalSection
	GlobalSection(SolutionProperties) = preSolution
		HideSolutionNode = FALSE
	EndGlobalSection
EndGlobal
