
Microsoft Visual Studio Solution File, Format Version 9.00
# Visual Studio 2005
Project("{8BC9CEB8-8B4A-11D0-8D11-00A0C91BC942}") = "Strg", "Strg\Strg.vcproj", "{92840A00-FFDF-43DE-A44F-9FB7DEC73243}"
EndProject
Project("{8BC9CEB8-8B4A-11D0-8D11-00A0C91BC942}") = "ShotWord", "ShotWord\ShotWord.vcproj", "{42447E3E-931A-4958-BE63-A9DF62212DCA}"
EndProject
Project("{8BC9CEB8-8B4A-11D0-8D11-00A0C91BC942}") = "Prj_Dlg", "..\Prj_Dlg\Prj_Dlg\Prj_Dlg.vcproj", "{C4460729-301B-4A8B-A93C-5751DD0DC7A6}"
EndProject
Project("{8BC9CEB8-8B4A-11D0-8D11-00A0C91BC942}") = "RDllDb", "RDllDb\RDllDb.vcproj", "{E39983F4-A956-40A3-A943-7B03D9315832}"
EndProject
Project("{8BC9CEB8-8B4A-11D0-8D11-00A0C91BC942}") = "VidFrmPrv", "VidFrmPrv\VidFrmPrv.vcproj", "{58EDE826-6C3E-4A6A-9979-44105D19B466}"
EndProject
Project("{8BC9CEB8-8B4A-11D0-8D11-00A0C91BC942}") = "Cldr", "Cldr\Cldr.vcproj", "{AAF11FB8-C8AF-49EA-959C-86DA49AAB087}"
EndProject
Project("{8BC9CEB8-8B4A-11D0-8D11-00A0C91BC942}") = "Stg", "Stg\Stg.vcproj", "{799B1807-6210-4A0F-9059-40C147A0167C}"
EndProject
Project("{8BC9CEB8-8B4A-11D0-8D11-00A0C91BC942}") = "NameMan", "NameMan\NameMan.vcproj", "{1C4101BA-B68C-4C06-BA04-4DBF1E540F71}"
EndProject
Project("{8BC9CEB8-8B4A-11D0-8D11-00A0C91BC942}") = "SbNmMan", "SbNmMan\SbNmMan.vcproj", "{C4932D94-3595-4683-AA98-4B2882DBCB93}"
EndProject
Project("{8BC9CEB8-8B4A-11D0-8D11-00A0C91BC942}") = "NameWom", "NameWom\NameWom.vcproj", "{4BD488E1-7AA1-4959-9047-7252FFBB6374}"
EndProject
Project("{8BC9CEB8-8B4A-11D0-8D11-00A0C91BC942}") = "SbNmWom", "SbNmWom\SbNmWom.vcproj", "{35C7F906-4BA3-4A22-8FD1-75B01A8F0406}"
EndProject
Project("{8BC9CEB8-8B4A-11D0-8D11-00A0C91BC942}") = "VidDoc", "VidDoc\VidDoc.vcproj", "{709EE93F-6179-4E35-9F4B-B6E21710960E}"
EndProject
Project("{8BC9CEB8-8B4A-11D0-8D11-00A0C91BC942}") = "TabVlt", "TabVlt\TabVlt.vcproj", "{F67F6183-E3B3-48CD-88E5-DD27C3AC92D2}"
EndProject
Project("{8BC9CEB8-8B4A-11D0-8D11-00A0C91BC942}") = "VidCrs", "VidCrs\VidCrs.vcproj", "{E302A073-8C6A-4DC2-8699-D4D6EBE9F15D}"
EndProject
Project("{8BC9CEB8-8B4A-11D0-8D11-00A0C91BC942}") = "CrsVlt", "CrsVlt\CrsVlt.vcproj", "{A0282A87-9D50-4F5F-BE8B-C6426CC06557}"
EndProject
Project("{8BC9CEB8-8B4A-11D0-8D11-00A0C91BC942}") = "NameUnit", "NameUnit\NameUnit.vcproj", "{6A551209-369C-4DC9-AC2D-CBD3AE455CA3}"
EndProject
Project("{8BC9CEB8-8B4A-11D0-8D11-00A0C91BC942}") = "UnitPls", "UnitPls\UnitPls.vcproj", "{58AE8558-1CDA-4BD3-93AC-5326A8B8B9E7}"
EndProject
Project("{8BC9CEB8-8B4A-11D0-8D11-00A0C91BC942}") = "VidBox", "VidBox\VidBox.vcproj", "{D11D22D2-1F8A-4415-85A6-29331432A21E}"
EndProject
Project("{8BC9CEB8-8B4A-11D0-8D11-00A0C91BC942}") = "VidUp", "VidUp\VidUp.vcproj", "{337DDCB1-F556-467B-9ADA-06F39477F4EC}"
EndProject
Project("{8BC9CEB8-8B4A-11D0-8D11-00A0C91BC942}") = "OrdWrap", "OrdWrap\OrdWrap.vcproj", "{73A8452C-5501-4F73-BAF7-240F78A184A1}"
EndProject
Project("{8BC9CEB8-8B4A-11D0-8D11-00A0C91BC942}") = "OrdStrg", "OrdStrg\OrdStrg.vcproj", "{C09B3FDB-3F2C-44B4-BBC6-AB2E2A48880F}"
EndProject
Project("{8BC9CEB8-8B4A-11D0-8D11-00A0C91BC942}") = "Grp", "Grp\Grp.vcproj", "{174A9274-A69C-40AE-A3BD-808110763576}"
EndProject
Project("{8BC9CEB8-8B4A-11D0-8D11-00A0C91BC942}") = "OrdGroup", "OrdGroup\OrdGroup.vcproj", "{6B30686C-7D32-47AC-B4DB-57051DFFEA62}"
EndProject
Project("{8BC9CEB8-8B4A-11D0-8D11-00A0C91BC942}") = "Crtf", "Crtf\Crtf.vcproj", "{2918D932-54C7-4203-910F-BA63E8DEF6CA}"
EndProject
Project("{8BC9CEB8-8B4A-11D0-8D11-00A0C91BC942}") = "Clsfk", "Clsfk\Clsfk.vcproj", "{D3330155-5680-4BCE-9455-7BCB51EF598F}"
EndProject
Project("{8BC9CEB8-8B4A-11D0-8D11-00A0C91BC942}") = "OprFrom", "OprFrom\OprFrom.vcproj", "{873EAE4A-6169-4D45-95AC-36821EDE4B1E}"
EndProject
Project("{8BC9CEB8-8B4A-11D0-8D11-00A0C91BC942}") = "TngMvMany", "TngMvMany\TngMvMany.vcproj", "{57CC80F8-58E8-4795-B2C7-7EEFAF6A010B}"
EndProject
Project("{8BC9CEB8-8B4A-11D0-8D11-00A0C91BC942}") = "OprTo", "OprTo\OprTo.vcproj", "{D601D520-5328-47A4-9986-7258E93EE800}"
EndProject
Project("{8BC9CEB8-8B4A-11D0-8D11-00A0C91BC942}") = "CtrAgnt", "CtrAgnt\CtrAgnt.vcproj", "{9B558DBE-D710-4997-8106-D668BD683417}"
EndProject
Project("{8BC9CEB8-8B4A-11D0-8D11-00A0C91BC942}") = "AddBk", "AddBk\AddBk.vcproj", "{B40EA506-18D4-4BCB-B8A6-6951BC57C5A8}"
EndProject
Project("{8BC9CEB8-8B4A-11D0-8D11-00A0C91BC942}") = "NameStrt", "NameStrt\NameStrt.vcproj", "{47324716-99C4-4B48-AE0A-A0B09340956F}"
EndProject
Project("{8BC9CEB8-8B4A-11D0-8D11-00A0C91BC942}") = "AddDoc", "AddDoc\AddDoc.vcproj", "{1030DB48-700C-487E-A680-6F366F7AD51D}"
EndProject
Project("{8BC9CEB8-8B4A-11D0-8D11-00A0C91BC942}") = "AddRasSch", "AddRasSch\AddRasSch.vcproj", "{20D299DB-97DD-4CEB-9660-D92A1B52C671}"
EndProject
Project("{8BC9CEB8-8B4A-11D0-8D11-00A0C91BC942}") = "AddBank", "AddBank\AddBank.vcproj", "{B5F1DB80-1614-4D9C-A6CC-D2864195D4EA}"
EndProject
Project("{8BC9CEB8-8B4A-11D0-8D11-00A0C91BC942}") = "VendProd", "VendProd\VendProd.vcproj", "{5EDAE0B1-8E8C-400A-839A-EF9DD14A6179}"
EndProject
Project("{8BC9CEB8-8B4A-11D0-8D11-00A0C91BC942}") = "OwnProd", "OwnProd\OwnProd.vcproj", "{CF8DD429-32CF-48C0-B14D-C1559430B8D7}"
EndProject
Project("{8BC9CEB8-8B4A-11D0-8D11-00A0C91BC942}") = "PrvCst", "PrvCst\PrvCst.vcproj", "{8ADEB737-8964-4D33-9663-C200A0D4C1C0}"
EndProject
Project("{8BC9CEB8-8B4A-11D0-8D11-00A0C91BC942}") = "Grmt", "Grmt\Grmt.vcproj", "{E1B77902-814A-4F7A-A1C1-1EAFAC7771DC}"
EndProject
Project("{8BC9CEB8-8B4A-11D0-8D11-00A0C91BC942}") = "CdRgRs", "CdRgRs\CdRgRs.vcproj", "{DAF09A78-D361-4A9C-9E6A-81E8DFE08A3E}"
EndProject
Project("{8BC9CEB8-8B4A-11D0-8D11-00A0C91BC942}") = "VidAdd", "VidAdd\VidAdd.vcproj", "{A903CE4B-7242-40F1-9670-90B3F1386624}"
EndProject
Project("{8BC9CEB8-8B4A-11D0-8D11-00A0C91BC942}") = "ShStr", "ShStr\ShStr.vcproj", "{4BBAC509-B45D-4650-A756-FE56174F2B13}"
EndProject
Project("{8BC9CEB8-8B4A-11D0-8D11-00A0C91BC942}") = "ShAdmBld", "ShAdmBld\ShAdmBld.vcproj", "{2F851824-2C9E-4C79-A7FE-E857FF5AB31D}"
EndProject
Project("{8BC9CEB8-8B4A-11D0-8D11-00A0C91BC942}") = "ShAdm", "ShAdm\ShAdm.vcproj", "{B22F9370-3C95-43B3-8D09-2629A16A0D49}"
EndProject
Project("{8BC9CEB8-8B4A-11D0-8D11-00A0C91BC942}") = "NDC", "NDC\NDC.vcproj", "{F0A80DA3-ACE4-4871-B588-7FC11AC293E7}"
EndProject
Project("{8BC9CEB8-8B4A-11D0-8D11-00A0C91BC942}") = "TNDC", "TNDC\TNDC.vcproj", "{2C48238E-B716-4296-9412-34502A075B7D}"
EndProject
Project("{8BC9CEB8-8B4A-11D0-8D11-00A0C91BC942}") = "VidDscAdd", "VidDscAdd\VidDscAdd.vcproj", "{6AE3D75B-7D96-4071-8E7E-FB6167378F98}"
EndProject
Project("{8BC9CEB8-8B4A-11D0-8D11-00A0C91BC942}") = "VidDscRmv", "VidDscRmv\VidDscRmv.vcproj", "{03270B12-389B-474D-9B64-586FC74A58D4}"
EndProject
Project("{8BC9CEB8-8B4A-11D0-8D11-00A0C91BC942}") = "VidBsCst", "VidBsCst\VidBsCst.vcproj", "{6D04498A-3F5D-4419-9F3D-CA7AAA5CF867}"
EndProject
Project("{8BC9CEB8-8B4A-11D0-8D11-00A0C91BC942}") = "Letter", "Letter\Letter.vcproj", "{78D3F9E7-5C51-42A9-9416-4800DC819B2E}"
EndProject
Project("{8BC9CEB8-8B4A-11D0-8D11-00A0C91BC942}") = "QPrcCst", "QPrcCst\QPrcCst.vcproj", "{9355C834-DAC8-4D06-AEC7-1F89C4F5EE45}"
EndProject
Project("{8BC9CEB8-8B4A-11D0-8D11-00A0C91BC942}") = "PrcCst", "PrcCst\PrcCst.vcproj", "{215EBB7B-3555-477F-9F91-C565D26936D2}"
EndProject
Project("{8BC9CEB8-8B4A-11D0-8D11-00A0C91BC942}") = "SlsCst", "SlsCst\SlsCst.vcproj", "{D4B1D6BF-A5E8-49BF-8511-BC18A1C783B9}"
EndProject
Project("{8BC9CEB8-8B4A-11D0-8D11-00A0C91BC942}") = "QSqlCmb1", "QSqlCmb1\QSqlCmb1.vcproj", "{E84A6587-BE8D-476C-BCBD-1D7B0BF9AA9E}"
EndProject
Project("{8BC9CEB8-8B4A-11D0-8D11-00A0C91BC942}") = "VwBsCst", "VwBsCst\VwBsCst.vcproj", "{3E6BF231-287A-43FF-8D88-0B19516D5611}"
EndProject
Project("{8BC9CEB8-8B4A-11D0-8D11-00A0C91BC942}") = "PerCst", "PerCst\PerCst.vcproj", "{0C22C77A-0901-4793-9A75-A51A9F50AA5A}"
EndProject
Project("{8BC9CEB8-8B4A-11D0-8D11-00A0C91BC942}") = "SlsDscMn", "SlsDscMn\SlsDscMn.vcproj", "{E4F14BAA-74D2-4795-9C65-9C517F1F57EA}"
EndProject
Project("{8BC9CEB8-8B4A-11D0-8D11-00A0C91BC942}") = "QSqlXED", "QSqlXED\QSqlXED.vcproj", "{730997D4-DACB-4F70-8C49-E00BA645276F}"
EndProject
Project("{8BC9CEB8-8B4A-11D0-8D11-00A0C91BC942}") = "SlsDscAg", "SlsDscAg\SlsDscAg.vcproj", "{64552A29-AEC1-41D1-A167-7654491A13B6}"
EndProject
Project("{8BC9CEB8-8B4A-11D0-8D11-00A0C91BC942}") = "QSqlX", "QSqlX\QSqlX.vcproj", "{AFC61DAF-A06F-4610-B677-F6AB9E148F8E}"
EndProject
Project("{8BC9CEB8-8B4A-11D0-8D11-00A0C91BC942}") = "SynCA", "SynCA\SynCA.vcproj", "{B80C0780-AB9B-42D2-9FA2-0B190E80C76B}"
EndProject
Project("{8BC9CEB8-8B4A-11D0-8D11-00A0C91BC942}") = "Order", "Order\Order.vcproj", "{09CCAE12-F3DE-4A95-97CF-CC429B209DA7}"
EndProject
Project("{8BC9CEB8-8B4A-11D0-8D11-00A0C91BC942}") = "QNkl", "QNkl\QNkl.vcproj", "{AB7C7755-D47D-4292-A17E-F33F82A9B729}"
EndProject
Project("{8BC9CEB8-8B4A-11D0-8D11-00A0C91BC942}") = "VwClcDsc", "VwClcDsc\VwClcDsc.vcproj", "{C7130DCD-8236-4795-821A-6783A9725383}"
EndProject
Project("{8BC9CEB8-8B4A-11D0-8D11-00A0C91BC942}") = "PrnVw", "PrnVw\PrnVw.vcproj", "{51921FB3-C580-4CF9-A6F9-C64AC79054D6}"
EndProject
Project("{8BC9CEB8-8B4A-11D0-8D11-00A0C91BC942}") = "RprInvOrd", "RprInvOrd\RprInvOrd.vcproj", "{5FFEC416-7CFD-4201-8587-233514F15F93}"
EndProject
Project("{8BC9CEB8-8B4A-11D0-8D11-00A0C91BC942}") = "RprInv", "RprInv\RprInv.vcproj", "{60915253-D338-4878-8A04-C9727EB76AF6}"
EndProject
Project("{8BC9CEB8-8B4A-11D0-8D11-00A0C91BC942}") = "RprCmdTsk", "RprCmdTsk\RprCmdTsk.vcproj", "{59571934-3BF0-44A9-B8C5-458CA8A97383}"
EndProject
Project("{8BC9CEB8-8B4A-11D0-8D11-00A0C91BC942}") = "RprBill", "RprBill\RprBill.vcproj", "{2EDB43C5-894E-4258-9FC6-B4421737D777}"
EndProject
Project("{8BC9CEB8-8B4A-11D0-8D11-00A0C91BC942}") = "RprOldInvOrd", "RprOldInvOrd\RprOldInvOrd.vcproj", "{A614834F-07C9-4841-9C49-86866AEEA54B}"
EndProject
Project("{8BC9CEB8-8B4A-11D0-8D11-00A0C91BC942}") = "RprEncl", "RprEncl\RprEncl.vcproj", "{72A7B899-5D26-46B0-86B1-48EDAFF8486A}"
EndProject
Global
	GlobalSection(SolutionConfigurationPlatforms) = preSolution
		Debug|Win32 = Debug|Win32
		Release|Win32 = Release|Win32
	EndGlobalSection
	GlobalSection(ProjectConfigurationPlatforms) = postSolution
		{92840A00-FFDF-43DE-A44F-9FB7DEC73243}.Debug|Win32.ActiveCfg = Debug|Win32
		{92840A00-FFDF-43DE-A44F-9FB7DEC73243}.Debug|Win32.Build.0 = Debug|Win32
		{92840A00-FFDF-43DE-A44F-9FB7DEC73243}.Release|Win32.ActiveCfg = Release|Win32
		{92840A00-FFDF-43DE-A44F-9FB7DEC73243}.Release|Win32.Build.0 = Release|Win32
		{42447E3E-931A-4958-BE63-A9DF62212DCA}.Debug|Win32.ActiveCfg = Debug|Win32
		{42447E3E-931A-4958-BE63-A9DF62212DCA}.Debug|Win32.Build.0 = Debug|Win32
		{42447E3E-931A-4958-BE63-A9DF62212DCA}.Release|Win32.ActiveCfg = Release|Win32
		{42447E3E-931A-4958-BE63-A9DF62212DCA}.Release|Win32.Build.0 = Release|Win32
		{C4460729-301B-4A8B-A93C-5751DD0DC7A6}.Debug|Win32.ActiveCfg = Debug|Win32
		{C4460729-301B-4A8B-A93C-5751DD0DC7A6}.Debug|Win32.Build.0 = Debug|Win32
		{C4460729-301B-4A8B-A93C-5751DD0DC7A6}.Release|Win32.ActiveCfg = Release|Win32
		{C4460729-301B-4A8B-A93C-5751DD0DC7A6}.Release|Win32.Build.0 = Release|Win32
		{E39983F4-A956-40A3-A943-7B03D9315832}.Debug|Win32.ActiveCfg = Debug|Win32
		{E39983F4-A956-40A3-A943-7B03D9315832}.Debug|Win32.Build.0 = Debug|Win32
		{E39983F4-A956-40A3-A943-7B03D9315832}.Release|Win32.ActiveCfg = Release|Win32
		{E39983F4-A956-40A3-A943-7B03D9315832}.Release|Win32.Build.0 = Release|Win32
		{58EDE826-6C3E-4A6A-9979-44105D19B466}.Debug|Win32.ActiveCfg = Debug|Win32
		{58EDE826-6C3E-4A6A-9979-44105D19B466}.Debug|Win32.Build.0 = Debug|Win32
		{58EDE826-6C3E-4A6A-9979-44105D19B466}.Release|Win32.ActiveCfg = Release|Win32
		{58EDE826-6C3E-4A6A-9979-44105D19B466}.Release|Win32.Build.0 = Release|Win32
		{AAF11FB8-C8AF-49EA-959C-86DA49AAB087}.Debug|Win32.ActiveCfg = Debug|Win32
		{AAF11FB8-C8AF-49EA-959C-86DA49AAB087}.Debug|Win32.Build.0 = Debug|Win32
		{AAF11FB8-C8AF-49EA-959C-86DA49AAB087}.Release|Win32.ActiveCfg = Release|Win32
		{AAF11FB8-C8AF-49EA-959C-86DA49AAB087}.Release|Win32.Build.0 = Release|Win32
		{799B1807-6210-4A0F-9059-40C147A0167C}.Debug|Win32.ActiveCfg = Debug|Win32
		{799B1807-6210-4A0F-9059-40C147A0167C}.Debug|Win32.Build.0 = Debug|Win32
		{799B1807-6210-4A0F-9059-40C147A0167C}.Release|Win32.ActiveCfg = Release|Win32
		{799B1807-6210-4A0F-9059-40C147A0167C}.Release|Win32.Build.0 = Release|Win32
		{1C4101BA-B68C-4C06-BA04-4DBF1E540F71}.Debug|Win32.ActiveCfg = Debug|Win32
		{1C4101BA-B68C-4C06-BA04-4DBF1E540F71}.Debug|Win32.Build.0 = Debug|Win32
		{1C4101BA-B68C-4C06-BA04-4DBF1E540F71}.Release|Win32.ActiveCfg = Release|Win32
		{1C4101BA-B68C-4C06-BA04-4DBF1E540F71}.Release|Win32.Build.0 = Release|Win32
		{C4932D94-3595-4683-AA98-4B2882DBCB93}.Debug|Win32.ActiveCfg = Debug|Win32
		{C4932D94-3595-4683-AA98-4B2882DBCB93}.Debug|Win32.Build.0 = Debug|Win32
		{C4932D94-3595-4683-AA98-4B2882DBCB93}.Release|Win32.ActiveCfg = Release|Win32
		{C4932D94-3595-4683-AA98-4B2882DBCB93}.Release|Win32.Build.0 = Release|Win32
		{4BD488E1-7AA1-4959-9047-7252FFBB6374}.Debug|Win32.ActiveCfg = Debug|Win32
		{4BD488E1-7AA1-4959-9047-7252FFBB6374}.Debug|Win32.Build.0 = Debug|Win32
		{4BD488E1-7AA1-4959-9047-7252FFBB6374}.Release|Win32.ActiveCfg = Release|Win32
		{4BD488E1-7AA1-4959-9047-7252FFBB6374}.Release|Win32.Build.0 = Release|Win32
		{35C7F906-4BA3-4A22-8FD1-75B01A8F0406}.Debug|Win32.ActiveCfg = Debug|Win32
		{35C7F906-4BA3-4A22-8FD1-75B01A8F0406}.Debug|Win32.Build.0 = Debug|Win32
		{35C7F906-4BA3-4A22-8FD1-75B01A8F0406}.Release|Win32.ActiveCfg = Release|Win32
		{35C7F906-4BA3-4A22-8FD1-75B01A8F0406}.Release|Win32.Build.0 = Release|Win32
		{709EE93F-6179-4E35-9F4B-B6E21710960E}.Debug|Win32.ActiveCfg = Debug|Win32
		{709EE93F-6179-4E35-9F4B-B6E21710960E}.Debug|Win32.Build.0 = Debug|Win32
		{709EE93F-6179-4E35-9F4B-B6E21710960E}.Release|Win32.ActiveCfg = Release|Win32
		{709EE93F-6179-4E35-9F4B-B6E21710960E}.Release|Win32.Build.0 = Release|Win32
		{F67F6183-E3B3-48CD-88E5-DD27C3AC92D2}.Debug|Win32.ActiveCfg = Debug|Win32
		{F67F6183-E3B3-48CD-88E5-DD27C3AC92D2}.Debug|Win32.Build.0 = Debug|Win32
		{F67F6183-E3B3-48CD-88E5-DD27C3AC92D2}.Release|Win32.ActiveCfg = Release|Win32
		{F67F6183-E3B3-48CD-88E5-DD27C3AC92D2}.Release|Win32.Build.0 = Release|Win32
		{E302A073-8C6A-4DC2-8699-D4D6EBE9F15D}.Debug|Win32.ActiveCfg = Debug|Win32
		{E302A073-8C6A-4DC2-8699-D4D6EBE9F15D}.Debug|Win32.Build.0 = Debug|Win32
		{E302A073-8C6A-4DC2-8699-D4D6EBE9F15D}.Release|Win32.ActiveCfg = Release|Win32
		{E302A073-8C6A-4DC2-8699-D4D6EBE9F15D}.Release|Win32.Build.0 = Release|Win32
		{A0282A87-9D50-4F5F-BE8B-C6426CC06557}.Debug|Win32.ActiveCfg = Debug|Win32
		{A0282A87-9D50-4F5F-BE8B-C6426CC06557}.Debug|Win32.Build.0 = Debug|Win32
		{A0282A87-9D50-4F5F-BE8B-C6426CC06557}.Release|Win32.ActiveCfg = Release|Win32
		{A0282A87-9D50-4F5F-BE8B-C6426CC06557}.Release|Win32.Build.0 = Release|Win32
		{6A551209-369C-4DC9-AC2D-CBD3AE455CA3}.Debug|Win32.ActiveCfg = Debug|Win32
		{6A551209-369C-4DC9-AC2D-CBD3AE455CA3}.Debug|Win32.Build.0 = Debug|Win32
		{6A551209-369C-4DC9-AC2D-CBD3AE455CA3}.Release|Win32.ActiveCfg = Release|Win32
		{6A551209-369C-4DC9-AC2D-CBD3AE455CA3}.Release|Win32.Build.0 = Release|Win32
		{58AE8558-1CDA-4BD3-93AC-5326A8B8B9E7}.Debug|Win32.ActiveCfg = Debug|Win32
		{58AE8558-1CDA-4BD3-93AC-5326A8B8B9E7}.Debug|Win32.Build.0 = Debug|Win32
		{58AE8558-1CDA-4BD3-93AC-5326A8B8B9E7}.Release|Win32.ActiveCfg = Release|Win32
		{58AE8558-1CDA-4BD3-93AC-5326A8B8B9E7}.Release|Win32.Build.0 = Release|Win32
		{D11D22D2-1F8A-4415-85A6-29331432A21E}.Debug|Win32.ActiveCfg = Debug|Win32
		{D11D22D2-1F8A-4415-85A6-29331432A21E}.Debug|Win32.Build.0 = Debug|Win32
		{D11D22D2-1F8A-4415-85A6-29331432A21E}.Release|Win32.ActiveCfg = Release|Win32
		{D11D22D2-1F8A-4415-85A6-29331432A21E}.Release|Win32.Build.0 = Release|Win32
		{337DDCB1-F556-467B-9ADA-06F39477F4EC}.Debug|Win32.ActiveCfg = Debug|Win32
		{337DDCB1-F556-467B-9ADA-06F39477F4EC}.Debug|Win32.Build.0 = Debug|Win32
		{337DDCB1-F556-467B-9ADA-06F39477F4EC}.Release|Win32.ActiveCfg = Release|Win32
		{337DDCB1-F556-467B-9ADA-06F39477F4EC}.Release|Win32.Build.0 = Release|Win32
		{73A8452C-5501-4F73-BAF7-240F78A184A1}.Debug|Win32.ActiveCfg = Debug|Win32
		{73A8452C-5501-4F73-BAF7-240F78A184A1}.Debug|Win32.Build.0 = Debug|Win32
		{73A8452C-5501-4F73-BAF7-240F78A184A1}.Release|Win32.ActiveCfg = Release|Win32
		{73A8452C-5501-4F73-BAF7-240F78A184A1}.Release|Win32.Build.0 = Release|Win32
		{C09B3FDB-3F2C-44B4-BBC6-AB2E2A48880F}.Debug|Win32.ActiveCfg = Debug|Win32
		{C09B3FDB-3F2C-44B4-BBC6-AB2E2A48880F}.Debug|Win32.Build.0 = Debug|Win32
		{C09B3FDB-3F2C-44B4-BBC6-AB2E2A48880F}.Release|Win32.ActiveCfg = Release|Win32
		{C09B3FDB-3F2C-44B4-BBC6-AB2E2A48880F}.Release|Win32.Build.0 = Release|Win32
		{174A9274-A69C-40AE-A3BD-808110763576}.Debug|Win32.ActiveCfg = Debug|Win32
		{174A9274-A69C-40AE-A3BD-808110763576}.Debug|Win32.Build.0 = Debug|Win32
		{174A9274-A69C-40AE-A3BD-808110763576}.Release|Win32.ActiveCfg = Release|Win32
		{174A9274-A69C-40AE-A3BD-808110763576}.Release|Win32.Build.0 = Release|Win32
		{6B30686C-7D32-47AC-B4DB-57051DFFEA62}.Debug|Win32.ActiveCfg = Debug|Win32
		{6B30686C-7D32-47AC-B4DB-57051DFFEA62}.Debug|Win32.Build.0 = Debug|Win32
		{6B30686C-7D32-47AC-B4DB-57051DFFEA62}.Release|Win32.ActiveCfg = Release|Win32
		{6B30686C-7D32-47AC-B4DB-57051DFFEA62}.Release|Win32.Build.0 = Release|Win32
		{2918D932-54C7-4203-910F-BA63E8DEF6CA}.Debug|Win32.ActiveCfg = Debug|Win32
		{2918D932-54C7-4203-910F-BA63E8DEF6CA}.Debug|Win32.Build.0 = Debug|Win32
		{2918D932-54C7-4203-910F-BA63E8DEF6CA}.Release|Win32.ActiveCfg = Release|Win32
		{2918D932-54C7-4203-910F-BA63E8DEF6CA}.Release|Win32.Build.0 = Release|Win32
		{D3330155-5680-4BCE-9455-7BCB51EF598F}.Debug|Win32.ActiveCfg = Debug|Win32
		{D3330155-5680-4BCE-9455-7BCB51EF598F}.Debug|Win32.Build.0 = Debug|Win32
		{D3330155-5680-4BCE-9455-7BCB51EF598F}.Release|Win32.ActiveCfg = Release|Win32
		{D3330155-5680-4BCE-9455-7BCB51EF598F}.Release|Win32.Build.0 = Release|Win32
		{873EAE4A-6169-4D45-95AC-36821EDE4B1E}.Debug|Win32.ActiveCfg = Debug|Win32
		{873EAE4A-6169-4D45-95AC-36821EDE4B1E}.Debug|Win32.Build.0 = Debug|Win32
		{873EAE4A-6169-4D45-95AC-36821EDE4B1E}.Release|Win32.ActiveCfg = Release|Win32
		{873EAE4A-6169-4D45-95AC-36821EDE4B1E}.Release|Win32.Build.0 = Release|Win32
		{57CC80F8-58E8-4795-B2C7-7EEFAF6A010B}.Debug|Win32.ActiveCfg = Debug|Win32
		{57CC80F8-58E8-4795-B2C7-7EEFAF6A010B}.Debug|Win32.Build.0 = Debug|Win32
		{57CC80F8-58E8-4795-B2C7-7EEFAF6A010B}.Release|Win32.ActiveCfg = Release|Win32
		{57CC80F8-58E8-4795-B2C7-7EEFAF6A010B}.Release|Win32.Build.0 = Release|Win32
		{D601D520-5328-47A4-9986-7258E93EE800}.Debug|Win32.ActiveCfg = Debug|Win32
		{D601D520-5328-47A4-9986-7258E93EE800}.Debug|Win32.Build.0 = Debug|Win32
		{D601D520-5328-47A4-9986-7258E93EE800}.Release|Win32.ActiveCfg = Release|Win32
		{D601D520-5328-47A4-9986-7258E93EE800}.Release|Win32.Build.0 = Release|Win32
		{9B558DBE-D710-4997-8106-D668BD683417}.Debug|Win32.ActiveCfg = Debug|Win32
		{9B558DBE-D710-4997-8106-D668BD683417}.Debug|Win32.Build.0 = Debug|Win32
		{9B558DBE-D710-4997-8106-D668BD683417}.Release|Win32.ActiveCfg = Release|Win32
		{9B558DBE-D710-4997-8106-D668BD683417}.Release|Win32.Build.0 = Release|Win32
		{B40EA506-18D4-4BCB-B8A6-6951BC57C5A8}.Debug|Win32.ActiveCfg = Debug|Win32
		{B40EA506-18D4-4BCB-B8A6-6951BC57C5A8}.Debug|Win32.Build.0 = Debug|Win32
		{B40EA506-18D4-4BCB-B8A6-6951BC57C5A8}.Release|Win32.ActiveCfg = Release|Win32
		{B40EA506-18D4-4BCB-B8A6-6951BC57C5A8}.Release|Win32.Build.0 = Release|Win32
		{47324716-99C4-4B48-AE0A-A0B09340956F}.Debug|Win32.ActiveCfg = Debug|Win32
		{47324716-99C4-4B48-AE0A-A0B09340956F}.Debug|Win32.Build.0 = Debug|Win32
		{47324716-99C4-4B48-AE0A-A0B09340956F}.Release|Win32.ActiveCfg = Release|Win32
		{47324716-99C4-4B48-AE0A-A0B09340956F}.Release|Win32.Build.0 = Release|Win32
		{1030DB48-700C-487E-A680-6F366F7AD51D}.Debug|Win32.ActiveCfg = Debug|Win32
		{1030DB48-700C-487E-A680-6F366F7AD51D}.Debug|Win32.Build.0 = Debug|Win32
		{1030DB48-700C-487E-A680-6F366F7AD51D}.Release|Win32.ActiveCfg = Release|Win32
		{1030DB48-700C-487E-A680-6F366F7AD51D}.Release|Win32.Build.0 = Release|Win32
		{20D299DB-97DD-4CEB-9660-D92A1B52C671}.Debug|Win32.ActiveCfg = Debug|Win32
		{20D299DB-97DD-4CEB-9660-D92A1B52C671}.Debug|Win32.Build.0 = Debug|Win32
		{20D299DB-97DD-4CEB-9660-D92A1B52C671}.Release|Win32.ActiveCfg = Release|Win32
		{20D299DB-97DD-4CEB-9660-D92A1B52C671}.Release|Win32.Build.0 = Release|Win32
		{B5F1DB80-1614-4D9C-A6CC-D2864195D4EA}.Debug|Win32.ActiveCfg = Debug|Win32
		{B5F1DB80-1614-4D9C-A6CC-D2864195D4EA}.Debug|Win32.Build.0 = Debug|Win32
		{B5F1DB80-1614-4D9C-A6CC-D2864195D4EA}.Release|Win32.ActiveCfg = Release|Win32
		{B5F1DB80-1614-4D9C-A6CC-D2864195D4EA}.Release|Win32.Build.0 = Release|Win32
		{5EDAE0B1-8E8C-400A-839A-EF9DD14A6179}.Debug|Win32.ActiveCfg = Debug|Win32
		{5EDAE0B1-8E8C-400A-839A-EF9DD14A6179}.Debug|Win32.Build.0 = Debug|Win32
		{5EDAE0B1-8E8C-400A-839A-EF9DD14A6179}.Release|Win32.ActiveCfg = Release|Win32
		{5EDAE0B1-8E8C-400A-839A-EF9DD14A6179}.Release|Win32.Build.0 = Release|Win32
		{CF8DD429-32CF-48C0-B14D-C1559430B8D7}.Debug|Win32.ActiveCfg = Debug|Win32
		{CF8DD429-32CF-48C0-B14D-C1559430B8D7}.Debug|Win32.Build.0 = Debug|Win32
		{CF8DD429-32CF-48C0-B14D-C1559430B8D7}.Release|Win32.ActiveCfg = Release|Win32
		{CF8DD429-32CF-48C0-B14D-C1559430B8D7}.Release|Win32.Build.0 = Release|Win32
		{8ADEB737-8964-4D33-9663-C200A0D4C1C0}.Debug|Win32.ActiveCfg = Debug|Win32
		{8ADEB737-8964-4D33-9663-C200A0D4C1C0}.Debug|Win32.Build.0 = Debug|Win32
		{8ADEB737-8964-4D33-9663-C200A0D4C1C0}.Release|Win32.ActiveCfg = Release|Win32
		{8ADEB737-8964-4D33-9663-C200A0D4C1C0}.Release|Win32.Build.0 = Release|Win32
		{E1B77902-814A-4F7A-A1C1-1EAFAC7771DC}.Debug|Win32.ActiveCfg = Debug|Win32
		{E1B77902-814A-4F7A-A1C1-1EAFAC7771DC}.Debug|Win32.Build.0 = Debug|Win32
		{E1B77902-814A-4F7A-A1C1-1EAFAC7771DC}.Release|Win32.ActiveCfg = Release|Win32
		{E1B77902-814A-4F7A-A1C1-1EAFAC7771DC}.Release|Win32.Build.0 = Release|Win32
		{DAF09A78-D361-4A9C-9E6A-81E8DFE08A3E}.Debug|Win32.ActiveCfg = Debug|Win32
		{DAF09A78-D361-4A9C-9E6A-81E8DFE08A3E}.Debug|Win32.Build.0 = Debug|Win32
		{DAF09A78-D361-4A9C-9E6A-81E8DFE08A3E}.Release|Win32.ActiveCfg = Release|Win32
		{DAF09A78-D361-4A9C-9E6A-81E8DFE08A3E}.Release|Win32.Build.0 = Release|Win32
		{A903CE4B-7242-40F1-9670-90B3F1386624}.Debug|Win32.ActiveCfg = Debug|Win32
		{A903CE4B-7242-40F1-9670-90B3F1386624}.Debug|Win32.Build.0 = Debug|Win32
		{A903CE4B-7242-40F1-9670-90B3F1386624}.Release|Win32.ActiveCfg = Release|Win32
		{A903CE4B-7242-40F1-9670-90B3F1386624}.Release|Win32.Build.0 = Release|Win32
		{4BBAC509-B45D-4650-A756-FE56174F2B13}.Debug|Win32.ActiveCfg = Debug|Win32
		{4BBAC509-B45D-4650-A756-FE56174F2B13}.Debug|Win32.Build.0 = Debug|Win32
		{4BBAC509-B45D-4650-A756-FE56174F2B13}.Release|Win32.ActiveCfg = Release|Win32
		{4BBAC509-B45D-4650-A756-FE56174F2B13}.Release|Win32.Build.0 = Release|Win32
		{2F851824-2C9E-4C79-A7FE-E857FF5AB31D}.Debug|Win32.ActiveCfg = Debug|Win32
		{2F851824-2C9E-4C79-A7FE-E857FF5AB31D}.Debug|Win32.Build.0 = Debug|Win32
		{2F851824-2C9E-4C79-A7FE-E857FF5AB31D}.Release|Win32.ActiveCfg = Release|Win32
		{2F851824-2C9E-4C79-A7FE-E857FF5AB31D}.Release|Win32.Build.0 = Release|Win32
		{B22F9370-3C95-43B3-8D09-2629A16A0D49}.Debug|Win32.ActiveCfg = Debug|Win32
		{B22F9370-3C95-43B3-8D09-2629A16A0D49}.Debug|Win32.Build.0 = Debug|Win32
		{B22F9370-3C95-43B3-8D09-2629A16A0D49}.Release|Win32.ActiveCfg = Release|Win32
		{B22F9370-3C95-43B3-8D09-2629A16A0D49}.Release|Win32.Build.0 = Release|Win32
		{F0A80DA3-ACE4-4871-B588-7FC11AC293E7}.Debug|Win32.ActiveCfg = Debug|Win32
		{F0A80DA3-ACE4-4871-B588-7FC11AC293E7}.Debug|Win32.Build.0 = Debug|Win32
		{F0A80DA3-ACE4-4871-B588-7FC11AC293E7}.Release|Win32.ActiveCfg = Release|Win32
		{F0A80DA3-ACE4-4871-B588-7FC11AC293E7}.Release|Win32.Build.0 = Release|Win32
		{2C48238E-B716-4296-9412-34502A075B7D}.Debug|Win32.ActiveCfg = Debug|Win32
		{2C48238E-B716-4296-9412-34502A075B7D}.Debug|Win32.Build.0 = Debug|Win32
		{2C48238E-B716-4296-9412-34502A075B7D}.Release|Win32.ActiveCfg = Release|Win32
		{2C48238E-B716-4296-9412-34502A075B7D}.Release|Win32.Build.0 = Release|Win32
		{6AE3D75B-7D96-4071-8E7E-FB6167378F98}.Debug|Win32.ActiveCfg = Debug|Win32
		{6AE3D75B-7D96-4071-8E7E-FB6167378F98}.Debug|Win32.Build.0 = Debug|Win32
		{6AE3D75B-7D96-4071-8E7E-FB6167378F98}.Release|Win32.ActiveCfg = Release|Win32
		{6AE3D75B-7D96-4071-8E7E-FB6167378F98}.Release|Win32.Build.0 = Release|Win32
		{03270B12-389B-474D-9B64-586FC74A58D4}.Debug|Win32.ActiveCfg = Debug|Win32
		{03270B12-389B-474D-9B64-586FC74A58D4}.Debug|Win32.Build.0 = Debug|Win32
		{03270B12-389B-474D-9B64-586FC74A58D4}.Release|Win32.ActiveCfg = Release|Win32
		{03270B12-389B-474D-9B64-586FC74A58D4}.Release|Win32.Build.0 = Release|Win32
		{6D04498A-3F5D-4419-9F3D-CA7AAA5CF867}.Debug|Win32.ActiveCfg = Debug|Win32
		{6D04498A-3F5D-4419-9F3D-CA7AAA5CF867}.Debug|Win32.Build.0 = Debug|Win32
		{6D04498A-3F5D-4419-9F3D-CA7AAA5CF867}.Release|Win32.ActiveCfg = Release|Win32
		{6D04498A-3F5D-4419-9F3D-CA7AAA5CF867}.Release|Win32.Build.0 = Release|Win32
		{78D3F9E7-5C51-42A9-9416-4800DC819B2E}.Debug|Win32.ActiveCfg = Debug|Win32
		{78D3F9E7-5C51-42A9-9416-4800DC819B2E}.Debug|Win32.Build.0 = Debug|Win32
		{78D3F9E7-5C51-42A9-9416-4800DC819B2E}.Release|Win32.ActiveCfg = Release|Win32
		{78D3F9E7-5C51-42A9-9416-4800DC819B2E}.Release|Win32.Build.0 = Release|Win32
		{9355C834-DAC8-4D06-AEC7-1F89C4F5EE45}.Debug|Win32.ActiveCfg = Debug|Win32
		{9355C834-DAC8-4D06-AEC7-1F89C4F5EE45}.Debug|Win32.Build.0 = Debug|Win32
		{9355C834-DAC8-4D06-AEC7-1F89C4F5EE45}.Release|Win32.ActiveCfg = Release|Win32
		{9355C834-DAC8-4D06-AEC7-1F89C4F5EE45}.Release|Win32.Build.0 = Release|Win32
		{215EBB7B-3555-477F-9F91-C565D26936D2}.Debug|Win32.ActiveCfg = Debug|Win32
		{215EBB7B-3555-477F-9F91-C565D26936D2}.Debug|Win32.Build.0 = Debug|Win32
		{215EBB7B-3555-477F-9F91-C565D26936D2}.Release|Win32.ActiveCfg = Release|Win32
		{215EBB7B-3555-477F-9F91-C565D26936D2}.Release|Win32.Build.0 = Release|Win32
		{D4B1D6BF-A5E8-49BF-8511-BC18A1C783B9}.Debug|Win32.ActiveCfg = Debug|Win32
		{D4B1D6BF-A5E8-49BF-8511-BC18A1C783B9}.Debug|Win32.Build.0 = Debug|Win32
		{D4B1D6BF-A5E8-49BF-8511-BC18A1C783B9}.Release|Win32.ActiveCfg = Release|Win32
		{D4B1D6BF-A5E8-49BF-8511-BC18A1C783B9}.Release|Win32.Build.0 = Release|Win32
		{E84A6587-BE8D-476C-BCBD-1D7B0BF9AA9E}.Debug|Win32.ActiveCfg = Debug|Win32
		{E84A6587-BE8D-476C-BCBD-1D7B0BF9AA9E}.Debug|Win32.Build.0 = Debug|Win32
		{E84A6587-BE8D-476C-BCBD-1D7B0BF9AA9E}.Release|Win32.ActiveCfg = Release|Win32
		{E84A6587-BE8D-476C-BCBD-1D7B0BF9AA9E}.Release|Win32.Build.0 = Release|Win32
		{3E6BF231-287A-43FF-8D88-0B19516D5611}.Debug|Win32.ActiveCfg = Debug|Win32
		{3E6BF231-287A-43FF-8D88-0B19516D5611}.Debug|Win32.Build.0 = Debug|Win32
		{3E6BF231-287A-43FF-8D88-0B19516D5611}.Release|Win32.ActiveCfg = Release|Win32
		{3E6BF231-287A-43FF-8D88-0B19516D5611}.Release|Win32.Build.0 = Release|Win32
		{0C22C77A-0901-4793-9A75-A51A9F50AA5A}.Debug|Win32.ActiveCfg = Debug|Win32
		{0C22C77A-0901-4793-9A75-A51A9F50AA5A}.Debug|Win32.Build.0 = Debug|Win32
		{0C22C77A-0901-4793-9A75-A51A9F50AA5A}.Release|Win32.ActiveCfg = Release|Win32
		{0C22C77A-0901-4793-9A75-A51A9F50AA5A}.Release|Win32.Build.0 = Release|Win32
		{E4F14BAA-74D2-4795-9C65-9C517F1F57EA}.Debug|Win32.ActiveCfg = Debug|Win32
		{E4F14BAA-74D2-4795-9C65-9C517F1F57EA}.Debug|Win32.Build.0 = Debug|Win32
		{E4F14BAA-74D2-4795-9C65-9C517F1F57EA}.Release|Win32.ActiveCfg = Release|Win32
		{E4F14BAA-74D2-4795-9C65-9C517F1F57EA}.Release|Win32.Build.0 = Release|Win32
		{730997D4-DACB-4F70-8C49-E00BA645276F}.Debug|Win32.ActiveCfg = Debug|Win32
		{730997D4-DACB-4F70-8C49-E00BA645276F}.Debug|Win32.Build.0 = Debug|Win32
		{730997D4-DACB-4F70-8C49-E00BA645276F}.Release|Win32.ActiveCfg = Release|Win32
		{730997D4-DACB-4F70-8C49-E00BA645276F}.Release|Win32.Build.0 = Release|Win32
		{64552A29-AEC1-41D1-A167-7654491A13B6}.Debug|Win32.ActiveCfg = Debug|Win32
		{64552A29-AEC1-41D1-A167-7654491A13B6}.Debug|Win32.Build.0 = Debug|Win32
		{64552A29-AEC1-41D1-A167-7654491A13B6}.Release|Win32.ActiveCfg = Release|Win32
		{64552A29-AEC1-41D1-A167-7654491A13B6}.Release|Win32.Build.0 = Release|Win32
		{AFC61DAF-A06F-4610-B677-F6AB9E148F8E}.Debug|Win32.ActiveCfg = Debug|Win32
		{AFC61DAF-A06F-4610-B677-F6AB9E148F8E}.Debug|Win32.Build.0 = Debug|Win32
		{AFC61DAF-A06F-4610-B677-F6AB9E148F8E}.Release|Win32.ActiveCfg = Release|Win32
		{AFC61DAF-A06F-4610-B677-F6AB9E148F8E}.Release|Win32.Build.0 = Release|Win32
		{B80C0780-AB9B-42D2-9FA2-0B190E80C76B}.Debug|Win32.ActiveCfg = Debug|Win32
		{B80C0780-AB9B-42D2-9FA2-0B190E80C76B}.Debug|Win32.Build.0 = Debug|Win32
		{B80C0780-AB9B-42D2-9FA2-0B190E80C76B}.Release|Win32.ActiveCfg = Release|Win32
		{B80C0780-AB9B-42D2-9FA2-0B190E80C76B}.Release|Win32.Build.0 = Release|Win32
		{09CCAE12-F3DE-4A95-97CF-CC429B209DA7}.Debug|Win32.ActiveCfg = Debug|Win32
		{09CCAE12-F3DE-4A95-97CF-CC429B209DA7}.Debug|Win32.Build.0 = Debug|Win32
		{09CCAE12-F3DE-4A95-97CF-CC429B209DA7}.Release|Win32.ActiveCfg = Release|Win32
		{09CCAE12-F3DE-4A95-97CF-CC429B209DA7}.Release|Win32.Build.0 = Release|Win32
		{AB7C7755-D47D-4292-A17E-F33F82A9B729}.Debug|Win32.ActiveCfg = Debug|Win32
		{AB7C7755-D47D-4292-A17E-F33F82A9B729}.Debug|Win32.Build.0 = Debug|Win32
		{AB7C7755-D47D-4292-A17E-F33F82A9B729}.Release|Win32.ActiveCfg = Release|Win32
		{AB7C7755-D47D-4292-A17E-F33F82A9B729}.Release|Win32.Build.0 = Release|Win32
		{C7130DCD-8236-4795-821A-6783A9725383}.Debug|Win32.ActiveCfg = Debug|Win32
		{C7130DCD-8236-4795-821A-6783A9725383}.Debug|Win32.Build.0 = Debug|Win32
		{C7130DCD-8236-4795-821A-6783A9725383}.Release|Win32.ActiveCfg = Release|Win32
		{C7130DCD-8236-4795-821A-6783A9725383}.Release|Win32.Build.0 = Release|Win32
		{51921FB3-C580-4CF9-A6F9-C64AC79054D6}.Debug|Win32.ActiveCfg = Debug|Win32
		{51921FB3-C580-4CF9-A6F9-C64AC79054D6}.Debug|Win32.Build.0 = Debug|Win32
		{51921FB3-C580-4CF9-A6F9-C64AC79054D6}.Release|Win32.ActiveCfg = Release|Win32
		{51921FB3-C580-4CF9-A6F9-C64AC79054D6}.Release|Win32.Build.0 = Release|Win32
		{5FFEC416-7CFD-4201-8587-233514F15F93}.Debug|Win32.ActiveCfg = Debug|Win32
		{5FFEC416-7CFD-4201-8587-233514F15F93}.Debug|Win32.Build.0 = Debug|Win32
		{5FFEC416-7CFD-4201-8587-233514F15F93}.Release|Win32.ActiveCfg = Release|Win32
		{5FFEC416-7CFD-4201-8587-233514F15F93}.Release|Win32.Build.0 = Release|Win32
		{60915253-D338-4878-8A04-C9727EB76AF6}.Debug|Win32.ActiveCfg = Debug|Win32
		{60915253-D338-4878-8A04-C9727EB76AF6}.Debug|Win32.Build.0 = Debug|Win32
		{60915253-D338-4878-8A04-C9727EB76AF6}.Release|Win32.ActiveCfg = Release|Win32
		{60915253-D338-4878-8A04-C9727EB76AF6}.Release|Win32.Build.0 = Release|Win32
		{59571934-3BF0-44A9-B8C5-458CA8A97383}.Debug|Win32.ActiveCfg = Debug|Win32
		{59571934-3BF0-44A9-B8C5-458CA8A97383}.Debug|Win32.Build.0 = Debug|Win32
		{59571934-3BF0-44A9-B8C5-458CA8A97383}.Release|Win32.ActiveCfg = Release|Win32
		{59571934-3BF0-44A9-B8C5-458CA8A97383}.Release|Win32.Build.0 = Release|Win32
		{2EDB43C5-894E-4258-9FC6-B4421737D777}.Debug|Win32.ActiveCfg = Debug|Win32
		{2EDB43C5-894E-4258-9FC6-B4421737D777}.Debug|Win32.Build.0 = Debug|Win32
		{2EDB43C5-894E-4258-9FC6-B4421737D777}.Release|Win32.ActiveCfg = Release|Win32
		{2EDB43C5-894E-4258-9FC6-B4421737D777}.Release|Win32.Build.0 = Release|Win32
		{A614834F-07C9-4841-9C49-86866AEEA54B}.Debug|Win32.ActiveCfg = Debug|Win32
		{A614834F-07C9-4841-9C49-86866AEEA54B}.Debug|Win32.Build.0 = Debug|Win32
		{A614834F-07C9-4841-9C49-86866AEEA54B}.Release|Win32.ActiveCfg = Release|Win32
		{A614834F-07C9-4841-9C49-86866AEEA54B}.Release|Win32.Build.0 = Release|Win32
		{72A7B899-5D26-46B0-86B1-48EDAFF8486A}.Debug|Win32.ActiveCfg = Debug|Win32
		{72A7B899-5D26-46B0-86B1-48EDAFF8486A}.Debug|Win32.Build.0 = Debug|Win32
		{72A7B899-5D26-46B0-86B1-48EDAFF8486A}.Release|Win32.ActiveCfg = Release|Win32
		{72A7B899-5D26-46B0-86B1-48EDAFF8486A}.Release|Win32.Build.0 = Release|Win32
	EndGlobalSection
	GlobalSection(SolutionProperties) = preSolution
		HideSolutionNode = FALSE
	EndGlobalSection
EndGlobal
